
Microsoft Visual Studio Solution File, Format Version 12.00
# Visual Studio Version 16
VisualStudioVersion = 25.0.1706.5
MinimumVisualStudioVersion = 10.0.40219.1
Project("{FAE04EC0-301F-11D3-BF4B-00C04F79EFBC}") = "MinhaPerformance", "MinhaPerformance\MinhaPerformance.csproj", "{800C7ABB-3367-4A8D-BD85-F15CE8EA3B1F}"
EndProject
Global
	GlobalSection(SolutionConfigurationPlatforms) = preSolution
		Debug|Any CPU = Debug|Any CPU
		Release|Any CPU = Release|Any CPU
	EndGlobalSection
	GlobalSection(ProjectConfigurationPlatforms) = postSolution
		{800C7ABB-3367-4A8D-BD85-F15CE8EA3B1F}.Debug|Any CPU.ActiveCfg = Debug|Any CPU
		{800C7ABB-3367-4A8D-BD85-F15CE8EA3B1F}.Debug|Any CPU.Build.0 = Debug|Any CPU
		{800C7ABB-3367-4A8D-BD85-F15CE8EA3B1F}.Release|Any CPU.ActiveCfg = Release|Any CPU
		{800C7ABB-3367-4A8D-BD85-F15CE8EA3B1F}.Release|Any CPU.Build.0 = Release|Any CPU
	EndGlobalSection
	GlobalSection(SolutionProperties) = preSolution
		HideSolutionNode = FALSE
	EndGlobalSection
	GlobalSection(ExtensibilityGlobals) = postSolution
		SolutionGuid = {5B2D86C2-5F85-44AF-91C4-2339C9AC53ED}
	EndGlobalSection
EndGlobal
